// !$*UTF8*$!
{
	archiveVersion = 1;
	classes = {
	};
	objectVersion = 50;
	objects = {

/* Begin PBXBuildFile section */
		5069C053260AAB6E00C4B579 /* ContactsApp.swift in Sources */ = {isa = PBXBuildFile; fileRef = 5069C052260AAB6E00C4B579 /* ContactsApp.swift */; };
		5069C055260AAB6E00C4B579 /* ContentView.swift in Sources */ = {isa = PBXBuildFile; fileRef = 5069C054260AAB6E00C4B579 /* ContentView.swift */; };
		5069C057260AAB6F00C4B579 /* Assets.xcassets in Resources */ = {isa = PBXBuildFile; fileRef = 5069C056260AAB6F00C4B579 /* Assets.xcassets */; };
		5069C05A260AAB6F00C4B579 /* Preview Assets.xcassets in Resources */ = {isa = PBXBuildFile; fileRef = 5069C059260AAB6F00C4B579 /* Preview Assets.xcassets */; };
		50A3D225260EA53D0046E04C /* ImagePicker.swift in Sources */ = {isa = PBXBuildFile; fileRef = 50A3D224260EA53D0046E04C /* ImagePicker.swift */; };
		50A3D228260EBA350046E04C /* SeeKontaktView.swift in Sources */ = {isa = PBXBuildFile; fileRef = 50A3D227260EBA350046E04C /* SeeKontaktView.swift */; };
		50A3D230260EBC980046E04C /* EditKontaktView.swift in Sources */ = {isa = PBXBuildFile; fileRef = 50A3D22F260EBC980046E04C /* EditKontaktView.swift */; };
		50FB03D6260AB9A900E4A6DF /* NewKontaktView.swift in Sources */ = {isa = PBXBuildFile; fileRef = 50FB03D5260AB9A900E4A6DF /* NewKontaktView.swift */; };
		50FB03D9260AC40300E4A6DF /* MapView.swift in Sources */ = {isa = PBXBuildFile; fileRef = 50FB03D8260AC40300E4A6DF /* MapView.swift */; };
		50FB03DE260C075900E4A6DF /* Kontakts.xcdatamodeld in Sources */ = {isa = PBXBuildFile; fileRef = 50FB03DC260C075900E4A6DF /* Kontakts.xcdatamodeld */; };
		50FB03E1260C09E700E4A6DF /* Persistence.swift in Sources */ = {isa = PBXBuildFile; fileRef = 50FB03E0260C09E700E4A6DF /* Persistence.swift */; };
/* End PBXBuildFile section */

/* Begin PBXFileReference section */
		5069C04F260AAB6D00C4B579 /* Contacts.app */ = {isa = PBXFileReference; explicitFileType = wrapper.application; includeInIndex = 0; path = Contacts.app; sourceTree = BUILT_PRODUCTS_DIR; };
		5069C052260AAB6E00C4B579 /* ContactsApp.swift */ = {isa = PBXFileReference; lastKnownFileType = sourcecode.swift; path = ContactsApp.swift; sourceTree = "<group>"; };
		5069C054260AAB6E00C4B579 /* ContentView.swift */ = {isa = PBXFileReference; lastKnownFileType = sourcecode.swift; path = ContentView.swift; sourceTree = "<group>"; };
		5069C056260AAB6F00C4B579 /* Assets.xcassets */ = {isa = PBXFileReference; lastKnownFileType = folder.assetcatalog; path = Assets.xcassets; sourceTree = "<group>"; };
		5069C059260AAB6F00C4B579 /* Preview Assets.xcassets */ = {isa = PBXFileReference; lastKnownFileType = folder.assetcatalog; path = "Preview Assets.xcassets"; sourceTree = "<group>"; };
		5069C05B260AAB6F00C4B579 /* Info.plist */ = {isa = PBXFileReference; lastKnownFileType = text.plist.xml; path = Info.plist; sourceTree = "<group>"; };
		50A3D224260EA53D0046E04C /* ImagePicker.swift */ = {isa = PBXFileReference; lastKnownFileType = sourcecode.swift; path = ImagePicker.swift; sourceTree = "<group>"; };
		50A3D227260EBA350046E04C /* SeeKontaktView.swift */ = {isa = PBXFileReference; lastKnownFileType = sourcecode.swift; path = SeeKontaktView.swift; sourceTree = "<group>"; };
		50A3D22F260EBC980046E04C /* EditKontaktView.swift */ = {isa = PBXFileReference; lastKnownFileType = sourcecode.swift; path = EditKontaktView.swift; sourceTree = "<group>"; };
		50FB03D5260AB9A900E4A6DF /* NewKontaktView.swift */ = {isa = PBXFileReference; lastKnownFileType = sourcecode.swift; path = NewKontaktView.swift; sourceTree = "<group>"; };
		50FB03D8260AC40300E4A6DF /* MapView.swift */ = {isa = PBXFileReference; lastKnownFileType = sourcecode.swift; path = MapView.swift; sourceTree = "<group>"; };
		50FB03DD260C075900E4A6DF /* Kontakts.xcdatamodel */ = {isa = PBXFileReference; lastKnownFileType = wrapper.xcdatamodel; path = Kontakts.xcdatamodel; sourceTree = "<group>"; };
		50FB03E0260C09E700E4A6DF /* Persistence.swift */ = {isa = PBXFileReference; lastKnownFileType = sourcecode.swift; path = Persistence.swift; sourceTree = "<group>"; };
/* End PBXFileReference section */

/* Begin PBXFrameworksBuildPhase section */
		5069C04C260AAB6D00C4B579 /* Frameworks */ = {
			isa = PBXFrameworksBuildPhase;
			buildActionMask = 2147483647;
			files = (
			);
			runOnlyForDeploymentPostprocessing = 0;
		};
/* End PBXFrameworksBuildPhase section */

/* Begin PBXGroup section */
		5069C046260AAB6D00C4B579 = {
			isa = PBXGroup;
			children = (
				5069C051260AAB6D00C4B579 /* Contacts */,
				5069C050260AAB6D00C4B579 /* Products */,
			);
			sourceTree = "<group>";
		};
		5069C050260AAB6D00C4B579 /* Products */ = {
			isa = PBXGroup;
			children = (
				5069C04F260AAB6D00C4B579 /* Contacts.app */,
			);
			name = Products;
			sourceTree = "<group>";
		};
		5069C051260AAB6D00C4B579 /* Contacts */ = {
			isa = PBXGroup;
			children = (
				5069C052260AAB6E00C4B579 /* ContactsApp.swift */,
				5069C054260AAB6E00C4B579 /* ContentView.swift */,
				50A3D227260EBA350046E04C /* SeeKontaktView.swift */,
				50FB03E0260C09E700E4A6DF /* Persistence.swift */,
				50FB03D5260AB9A900E4A6DF /* NewKontaktView.swift */,
				50A3D22F260EBC980046E04C /* EditKontaktView.swift */,
				50A3D224260EA53D0046E04C /* ImagePicker.swift */,
				50FB03DC260C075900E4A6DF /* Kontakts.xcdatamodeld */,
				50FB03D8260AC40300E4A6DF /* MapView.swift */,
				5069C056260AAB6F00C4B579 /* Assets.xcassets */,
				5069C05B260AAB6F00C4B579 /* Info.plist */,
				5069C058260AAB6F00C4B579 /* Preview Content */,
			);
			path = Contacts;
			sourceTree = "<group>";
		};
		5069C058260AAB6F00C4B579 /* Preview Content */ = {
			isa = PBXGroup;
			children = (
				5069C059260AAB6F00C4B579 /* Preview Assets.xcassets */,
			);
			path = "Preview Content";
			sourceTree = "<group>";
		};
/* End PBXGroup section */

/* Begin PBXNativeTarget section */
		5069C04E260AAB6D00C4B579 /* Contacts */ = {
			isa = PBXNativeTarget;
			buildConfigurationList = 5069C05E260AAB6F00C4B579 /* Build configuration list for PBXNativeTarget "Contacts" */;
			buildPhases = (
				5069C04B260AAB6D00C4B579 /* Sources */,
				5069C04C260AAB6D00C4B579 /* Frameworks */,
				5069C04D260AAB6D00C4B579 /* Resources */,
			);
			buildRules = (
			);
			dependencies = (
			);
			name = Contacts;
			productName = Contacts;
			productReference = 5069C04F260AAB6D00C4B579 /* Contacts.app */;
			productType = "com.apple.product-type.application";
		};
/* End PBXNativeTarget section */

/* Begin PBXProject section */
		5069C047260AAB6D00C4B579 /* Project object */ = {
			isa = PBXProject;
			attributes = {
				LastSwiftUpdateCheck = 1240;
				LastUpgradeCheck = 1240;
				TargetAttributes = {
					5069C04E260AAB6D00C4B579 = {
						CreatedOnToolsVersion = 12.4;
					};
				};
			};
			buildConfigurationList = 5069C04A260AAB6D00C4B579 /* Build configuration list for PBXProject "Contacts" */;
			compatibilityVersion = "Xcode 9.3";
			developmentRegion = en;
			hasScannedForEncodings = 0;
			knownRegions = (
				en,
				Base,
			);
			mainGroup = 5069C046260AAB6D00C4B579;
			productRefGroup = 5069C050260AAB6D00C4B579 /* Products */;
			projectDirPath = "";
			projectRoot = "";
			targets = (
				5069C04E260AAB6D00C4B579 /* Contacts */,
			);
		};
/* End PBXProject section */

/* Begin PBXResourcesBuildPhase section */
		5069C04D260AAB6D00C4B579 /* Resources */ = {
			isa = PBXResourcesBuildPhase;
			buildActionMask = 2147483647;
			files = (
				5069C05A260AAB6F00C4B579 /* Preview Assets.xcassets in Resources */,
				5069C057260AAB6F00C4B579 /* Assets.xcassets in Resources */,
			);
			runOnlyForDeploymentPostprocessing = 0;
		};
/* End PBXResourcesBuildPhase section */

/* Begin PBXSourcesBuildPhase section */
		5069C04B260AAB6D00C4B579 /* Sources */ = {
			isa = PBXSourcesBuildPhase;
			buildActionMask = 2147483647;
			files = (
				50A3D230260EBC980046E04C /* EditKontaktView.swift in Sources */,
				5069C055260AAB6E00C4B579 /* ContentView.swift in Sources */,
				50A3D228260EBA350046E04C /* SeeKontaktView.swift in Sources */,
				50FB03E1260C09E700E4A6DF /* Persistence.swift in Sources */,
				50FB03D9260AC40300E4A6DF /* MapView.swift in Sources */,
				5069C053260AAB6E00C4B579 /* ContactsApp.swift in Sources */,
				50FB03D6260AB9A900E4A6DF /* NewKontaktView.swift in Sources */,
				50A3D225260EA53D0046E04C /* ImagePicker.swift in Sources */,
				50FB03DE260C075900E4A6DF /* Kontakts.xcdatamodeld in Sources */,
			);
			runOnlyForDeploymentPostprocessing = 0;
		};
/* End PBXSourcesBuildPhase section */

/* Begin XCBuildConfiguration section */
		5069C05C260AAB6F00C4B579 /* Debug */ = {
			isa = XCBuildConfiguration;
			buildSettings = {
				ALWAYS_SEARCH_USER_PATHS = NO;
				CLANG_ANALYZER_NONNULL = YES;
				CLANG_ANALYZER_NUMBER_OBJECT_CONVERSION = YES_AGGRESSIVE;
				CLANG_CXX_LANGUAGE_STANDARD = "gnu++14";
				CLANG_CXX_LIBRARY = "libc++";
				CLANG_ENABLE_MODULES = YES;
				CLANG_ENABLE_OBJC_ARC = YES;
				CLANG_ENABLE_OBJC_WEAK = YES;
				CLANG_WARN_BLOCK_CAPTURE_AUTORELEASING = YES;
				CLANG_WARN_BOOL_CONVERSION = YES;
				CLANG_WARN_COMMA = YES;
				CLANG_WARN_CONSTANT_CONVERSION = YES;
				CLANG_WARN_DEPRECATED_OBJC_IMPLEMENTATIONS = YES;
				CLANG_WARN_DIRECT_OBJC_ISA_USAGE = YES_ERROR;
				CLANG_WARN_DOCUMENTATION_COMMENTS = YES;
				CLANG_WARN_EMPTY_BODY = YES;
				CLANG_WARN_ENUM_CONVERSION = YES;
				CLANG_WARN_INFINITE_RECURSION = YES;
				CLANG_WARN_INT_CONVERSION = YES;
				CLANG_WARN_NON_LITERAL_NULL_CONVERSION = YES;
				CLANG_WARN_OBJC_IMPLICIT_RETAIN_SELF = YES;
				CLANG_WARN_OBJC_LITERAL_CONVERSION = YES;
				CLANG_WARN_OBJC_ROOT_CLASS = YES_ERROR;
				CLANG_WARN_QUOTED_INCLUDE_IN_FRAMEWORK_HEADER = YES;
				CLANG_WARN_RANGE_LOOP_ANALYSIS = YES;
				CLANG_WARN_STRICT_PROTOTYPES = YES;
				CLANG_WARN_SUSPICIOUS_MOVE = YES;
				CLANG_WARN_UNGUARDED_AVAILABILITY = YES_AGGRESSIVE;
				CLANG_WARN_UNREACHABLE_CODE = YES;
				CLANG_WARN__DUPLICATE_METHOD_MATCH = YES;
				COPY_PHASE_STRIP = NO;
				DEBUG_INFORMATION_FORMAT = dwarf;
				ENABLE_STRICT_OBJC_MSGSEND = YES;
				ENABLE_TESTABILITY = YES;
				GCC_C_LANGUAGE_STANDARD = gnu11;
				GCC_DYNAMIC_NO_PIC = NO;
				GCC_NO_COMMON_BLOCKS = YES;
				GCC_OPTIMIZATION_LEVEL = 0;
				GCC_PREPROCESSOR_DEFINITIONS = (
					"DEBUG=1",
					"$(inherited)",
				);
				GCC_WARN_64_TO_32_BIT_CONVERSION = YES;
				GCC_WARN_ABOUT_RETURN_TYPE = YES_ERROR;
				GCC_WARN_UNDECLARED_SELECTOR = YES;
				GCC_WARN_UNINITIALIZED_AUTOS = YES_AGGRESSIVE;
				GCC_WARN_UNUSED_FUNCTION = YES;
				GCC_WARN_UNUSED_VARIABLE = YES;
				IPHONEOS_DEPLOYMENT_TARGET = 14.4;
				MTL_ENABLE_DEBUG_INFO = INCLUDE_SOURCE;
				MTL_FAST_MATH = YES;
				ONLY_ACTIVE_ARCH = YES;
				SDKROOT = iphoneos;
				SWIFT_ACTIVE_COMPILATION_CONDITIONS = DEBUG;
				SWIFT_OPTIMIZATION_LEVEL = "-Onone";
			};
			name = Debug;
		};
		5069C05D260AAB6F00C4B579 /* Release */ = {
			isa = XCBuildConfiguration;
			buildSettings = {
				ALWAYS_SEARCH_USER_PATHS = NO;
				CLANG_ANALYZER_NONNULL = YES;
				CLANG_ANALYZER_NUMBER_OBJECT_CONVERSION = YES_AGGRESSIVE;
				CLANG_CXX_LANGUAGE_STANDARD = "gnu++14";
				CLANG_CXX_LIBRARY = "libc++";
				CLANG_ENABLE_MODULES = YES;
				CLANG_ENABLE_OBJC_ARC = YES;
				CLANG_ENABLE_OBJC_WEAK = YES;
				CLANG_WARN_BLOCK_CAPTURE_AUTORELEASING = YES;
				CLANG_WARN_BOOL_CONVERSION = YES;
				CLANG_WARN_COMMA = YES;
				CLANG_WARN_CONSTANT_CONVERSION = YES;
				CLANG_WARN_DEPRECATED_OBJC_IMPLEMENTATIONS = YES;
				CLANG_WARN_DIRECT_OBJC_ISA_USAGE = YES_ERROR;
				CLANG_WARN_DOCUMENTATION_COMMENTS = YES;
				CLANG_WARN_EMPTY_BODY = YES;
				CLANG_WARN_ENUM_CONVERSION = YES;
				CLANG_WARN_INFINITE_RECURSION = YES;
				CLANG_WARN_INT_CONVERSION = YES;
				CLANG_WARN_NON_LITERAL_NULL_CONVERSION = YES;
				CLANG_WARN_OBJC_IMPLICIT_RETAIN_SELF = YES;
				CLANG_WARN_OBJC_LITERAL_CONVERSION = YES;
				CLANG_WARN_OBJC_ROOT_CLASS = YES_ERROR;
				CLANG_WARN_QUOTED_INCLUDE_IN_FRAMEWORK_HEADER = YES;
				CLANG_WARN_RANGE_LOOP_ANALYSIS = YES;
				CLANG_WARN_STRICT_PROTOTYPES = YES;
				CLANG_WARN_SUSPICIOUS_MOVE = YES;
				CLANG_WARN_UNGUARDED_AVAILABILITY = YES_AGGRESSIVE;
				CLANG_WARN_UNREACHABLE_CODE = YES;
				CLANG_WARN__DUPLICATE_METHOD_MATCH = YES;
				COPY_PHASE_STRIP = NO;
				DEBUG_INFORMATION_FORMAT = "dwarf-with-dsym";
				ENABLE_NS_ASSERTIONS = NO;
				ENABLE_STRICT_OBJC_MSGSEND = YES;
				GCC_C_LANGUAGE_STANDARD = gnu11;
				GCC_NO_COMMON_BLOCKS = YES;
				GCC_WARN_64_TO_32_BIT_CONVERSION = YES;
				GCC_WARN_ABOUT_RETURN_TYPE = YES_ERROR;
				GCC_WARN_UNDECLARED_SELECTOR = YES;
				GCC_WARN_UNINITIALIZED_AUTOS = YES_AGGRESSIVE;
				GCC_WARN_UNUSED_FUNCTION = YES;
				GCC_WARN_UNUSED_VARIABLE = YES;
				IPHONEOS_DEPLOYMENT_TARGET = 14.4;
				MTL_ENABLE_DEBUG_INFO = NO;
				MTL_FAST_MATH = YES;
				SDKROOT = iphoneos;
				SWIFT_COMPILATION_MODE = wholemodule;
				SWIFT_OPTIMIZATION_LEVEL = "-O";
				VALIDATE_PRODUCT = YES;
			};
			name = Release;
		};
		5069C05F260AAB6F00C4B579 /* Debug */ = {
			isa = XCBuildConfiguration;
			buildSettings = {
				ASSETCATALOG_COMPILER_APPICON_NAME = AppIcon;
				ASSETCATALOG_COMPILER_GLOBAL_ACCENT_COLOR_NAME = AccentColor;
				CODE_SIGN_STYLE = Automatic;
				DEVELOPMENT_ASSET_PATHS = "\"Contacts/Preview Content\"";
				DEVELOPMENT_TEAM = SLSQWYAHLF;
				ENABLE_PREVIEWS = YES;
				INFOPLIST_FILE = Contacts/Info.plist;
				IPHONEOS_DEPLOYMENT_TARGET = 14.0;
				LD_RUNPATH_SEARCH_PATHS = (
					"$(inherited)",
					"@executable_path/Frameworks",
				);
				PRODUCT_BUNDLE_IDENTIFIER = MageshSridhar.Contacts;
				PRODUCT_NAME = "$(TARGET_NAME)";
				SWIFT_VERSION = 5.0;
				TARGETED_DEVICE_FAMILY = "1,2";
			};
			name = Debug;
		};
		5069C060260AAB6F00C4B579 /* Release */ = {
			isa = XCBuildConfiguration;
			buildSettings = {
				ASSETCATALOG_COMPILER_APPICON_NAME = AppIcon;
				ASSETCATALOG_COMPILER_GLOBAL_ACCENT_COLOR_NAME = AccentColor;
				CODE_SIGN_STYLE = Automatic;
				DEVELOPMENT_ASSET_PATHS = "\"Contacts/Preview Content\"";
				DEVELOPMENT_TEAM = SLSQWYAHLF;
				ENABLE_PREVIEWS = YES;
				INFOPLIST_FILE = Contacts/Info.plist;
				IPHONEOS_DEPLOYMENT_TARGET = 14.0;
				LD_RUNPATH_SEARCH_PATHS = (
					"$(inherited)",
					"@executable_path/Frameworks",
				);
				PRODUCT_BUNDLE_IDENTIFIER = MageshSridhar.Contacts;
				PRODUCT_NAME = "$(TARGET_NAME)";
				SWIFT_VERSION = 5.0;
				TARGETED_DEVICE_FAMILY = "1,2";
			};
			name = Release;
		};
/* End XCBuildConfiguration section */

/* Begin XCConfigurationList section */
		5069C04A260AAB6D00C4B579 /* Build configuration list for PBXProject "Contacts" */ = {
			isa = XCConfigurationList;
			buildConfigurations = (
				5069C05C260AAB6F00C4B579 /* Debug */,
				5069C05D260AAB6F00C4B579 /* Release */,
			);
			defaultConfigurationIsVisible = 0;
			defaultConfigurationName = Release;
		};
		5069C05E260AAB6F00C4B579 /* Build configuration list for PBXNativeTarget "Contacts" */ = {
			isa = XCConfigurationList;
			buildConfigurations = (
				5069C05F260AAB6F00C4B579 /* Debug */,
				5069C060260AAB6F00C4B579 /* Release */,
			);
			defaultConfigurationIsVisible = 0;
			defaultConfigurationName = Release;
		};
/* End XCConfigurationList section */

/* Begin XCVersionGroup section */
		50FB03DC260C075900E4A6DF /* Kontakts.xcdatamodeld */ = {
			isa = XCVersionGroup;
			children = (
				50FB03DD260C075900E4A6DF /* Kontakts.xcdatamodel */,
			);
			currentVersion = 50FB03DD260C075900E4A6DF /* Kontakts.xcdatamodel */;
			path = Kontakts.xcdatamodeld;
			sourceTree = "<group>";
			versionGroupType = wrapper.xcdatamodel;
		};
/* End XCVersionGroup section */
	};
	rootObject = 5069C047260AAB6D00C4B579 /* Project object */;
}
